
Microsoft Visual Studio Solution File, Format Version 12.00
# Visual Studio Version 17
VisualStudioVersion = 17.13.35806.99
MinimumVisualStudioVersion = 10.0.40219.1
Project("{FAE04EC0-301F-11D3-BF4B-00C04F79EFBC}") = "DACN_API_Demo", "DACN_API_Demo.csproj", "{0E035BF8-DA71-4FE8-AEAB-9B51D9550CFC}"
EndProject
Project("{FAE04EC0-301F-11D3-BF4B-00C04F79EFBC}") = "DACN_Call", "..\DACN_Call\DACN_Call.csproj", "{0BB17F4E-D9C1-4D02-B6E1-713B77371518}"
EndProject
Global
	GlobalSection(SolutionConfigurationPlatforms) = preSolution
		Debug|Any CPU = Debug|Any CPU
		Release|Any CPU = Release|Any CPU
	EndGlobalSection
	GlobalSection(ProjectConfigurationPlatforms) = postSolution
		{0E035BF8-DA71-4FE8-AEAB-9B51D9550CFC}.Debug|Any CPU.ActiveCfg = Debug|Any CPU
		{0E035BF8-DA71-4FE8-AEAB-9B51D9550CFC}.Debug|Any CPU.Build.0 = Debug|Any CPU
		{0E035BF8-DA71-4FE8-AEAB-9B51D9550CFC}.Release|Any CPU.ActiveCfg = Release|Any CPU
		{0E035BF8-DA71-4FE8-AEAB-9B51D9550CFC}.Release|Any CPU.Build.0 = Release|Any CPU
		{0BB17F4E-D9C1-4D02-B6E1-713B77371518}.Debug|Any CPU.ActiveCfg = Debug|Any CPU
		{0BB17F4E-D9C1-4D02-B6E1-713B77371518}.Debug|Any CPU.Build.0 = Debug|Any CPU
		{0BB17F4E-D9C1-4D02-B6E1-713B77371518}.Release|Any CPU.ActiveCfg = Release|Any CPU
		{0BB17F4E-D9C1-4D02-B6E1-713B77371518}.Release|Any CPU.Build.0 = Release|Any CPU
	EndGlobalSection
	GlobalSection(SolutionProperties) = preSolution
		HideSolutionNode = FALSE
	EndGlobalSection
	GlobalSection(ExtensibilityGlobals) = postSolution
		SolutionGuid = {0B8FBC99-5354-41FF-8BF7-A98CD9FEB39E}
	EndGlobalSection
EndGlobal
